// !$*UTF8*$
{
	archiveVersion = 1;
	classes = {
	};
	objects = {

/* Begin PBXBuildFile section */
		0123456789ABCDEF01234567 /* KepubifyMacApp.swift in Sources */ = {isa = PBXBuildFile; fileRef = 0123456789ABCDEF00000001 /* KepubifyMacApp.swift */; };
		0123456789ABCDEF01234568 /* ContentView.swift in Sources */ = {isa = PBXBuildFile; fileRef = 0123456789ABCDEF00000002 /* ContentView.swift */; };
		0123456789ABCDEF01234569 /* KepubifyManager.swift in Sources */ = {isa = PBXBuildFile; fileRef = 0123456789ABCDEF00000003 /* KepubifyManager.swift */; };
		0123456789ABCDEF01234570 /* KepubifyMacAppTests.swift in Sources */ = {isa = PBXBuildFile; fileRef = 0123456789ABCDEF00000004 /* KepubifyMacAppTests.swift */; };
		0123456789ABCDEF01234571 /* KepubifyManagerTests.swift in Sources */ = {isa = PBXBuildFile; fileRef = 0123456789ABCDEF00000005 /* KepubifyManagerTests.swift */; };
/* End PBXBuildFile section */

/* Begin PBXFileReference section */
		0123456789ABCDEF00000001 /* KepubifyMacApp.swift */ = {isa = PBXFileReference; lastKnownFileType = sourcecode.swift; path = KepubifyMacApp.swift; sourceRoot = SOURCE_ROOT; };
		0123456789ABCDEF00000002 /* ContentView.swift */ = {isa = PBXFileReference; lastKnownFileType = sourcecode.swift; path = ContentView.swift; sourceRoot = SOURCE_ROOT; };
		0123456789ABCDEF00000003 /* KepubifyManager.swift */ = {isa = PBXFileReference; lastKnownFileType = sourcecode.swift; path = KepubifyManager.swift; sourceRoot = SOURCE_ROOT; };
		0123456789ABCDEF00000004 /* KepubifyMacAppTests.swift */ = {isa = PBXFileReference; lastKnownFileType = sourcecode.swift; path = KepubifyMacAppTests.swift; sourceRoot = SOURCE_ROOT; };
		0123456789ABCDEF00000005 /* KepubifyManagerTests.swift */ = {isa = PBXFileReference; lastKnownFileType = sourcecode.swift; path = KepubifyManagerTests.swift; sourceRoot = SOURCE_ROOT; };
/* End PBXFileReference section */

/* Begin PBXFrameworksBuildPhase section */
		0123456789ABCDEF11111111 /* Frameworks */ = {
			isa = PBXFrameworksBuildPhase;
			buildActionMask = 2147483647;
			files = (
			);
			runOnlyForDeploymentPostprocessing = 0;
		};
/* End PBXFrameworksBuildPhase section */

/* Begin PBXGroup section */
		0123456789ABCDEF10000000 /* KepubifyMacApp */ = {
			isa = PBXGroup;
			children = (
				0123456789ABCDEF10000001 /* Sources */,
				0123456789ABCDEF10000002 /* Tests */,
				0123456789ABCDEF10000003 /* Resources */,
				0123456789ABCDEF10000004 /* Products */,
			);
			name = KepubifyMacApp;
			sourceTree = "<group>";
		};
		0123456789ABCDEF10000001 /* Sources */ = {
			isa = PBXGroup;
			children = (
				0123456789ABCDEF00000001 /* KepubifyMacApp.swift */,
				0123456789ABCDEF00000002 /* ContentView.swift */,
				0123456789ABCDEF00000003 /* KepubifyManager.swift */,
			);
			name = Sources;
			sourceTree = "<group>";
		};
		0123456789ABCDEF10000002 /* Tests */ = {
			isa = PBXGroup;
			children = (
				0123456789ABCDEF00000004 /* KepubifyMacAppTests.swift */,
				0123456789ABCDEF00000005 /* KepubifyManagerTests.swift */,
			);
			name = Tests;
			sourceTree = "<group>";
		};
		0123456789ABCDEF10000003 /* Resources */ = {
			isa = PBXGroup;
			children = (
			);
			name = Resources;
			sourceTree = "<group>";
		};
		0123456789ABCDEF10000004 /* Products */ = {
			isa = PBXGroup;
			children = (
				0123456789ABCDEF20000001 /* KepubifyMacApp.app */,
			);
			name = Products;
			sourceTree = "<group>";
		};
/* End PBXGroup section */

/* Begin PBXNativeTarget section */
		0123456789ABCDEF20000000 /* KepubifyMacApp */ = {
			isa = PBXNativeTarget;
			buildConfigurationList = 0123456789ABCDEF30000000 /* Build configuration list for PBXNativeTarget "KepubifyMacApp" */;
			buildPhases = (
				0123456789ABCDEF11111112 /* Sources */,
				0123456789ABCDEF11111111 /* Frameworks */,
				0123456789ABCDEF11111113 /* Resources */,
			);
			buildRules = (
			);
			dependencies = (
			);
			name = KepubifyMacApp;
			productName = KepubifyMacApp;
			productReference = 0123456789ABCDEF20000001 /* KepubifyMacApp.app */;
			productType = "com.apple.product-type.application";
		};
		0123456789ABCDEF20000002 /* KepubifyMacAppTests */ = {
			isa = PBXNativeTarget;
			buildConfigurationList = 0123456789ABCDEF30000001 /* Build configuration list for PBXNativeTarget "KepubifyMacAppTests" */;
			buildPhases = (
				0123456789ABCDEF11111114 /* Sources */,
				0123456789ABCDEF11111111 /* Frameworks */,
				0123456789ABCDEF11111115 /* Resources */,
			);
			buildRules = (
			);
			dependencies = (
				0123456789ABCDEF40000000 /* PBXTargetDependency */,
			);
			name = KepubifyMacAppTests;
			productName = KepubifyMacAppTests;
			productReference = 0123456789ABCDEF20000002 /* KepubifyMacAppTests.xctest */;
			productType = "com.apple.product-type.bundle.unit-test";
		};
/* End PBXNativeTarget section */

/* Begin PBXProject section */
		0123456789ABCDEF00000000 /* Project object */ = {
			isa = PBXProject;
			attributes = {
				BuildIndependentTargetsInParallel = 1;
				LastUpgradeCheck = 1300;
				TargetAttributes = {
					0123456789ABCDEF20000000 = {
						CreatedOnToolsVersion = 13.0;
					};
					0123456789ABCDEF20000002 = {
						CreatedOnToolsVersion = 13.0;
						TestTargetID = 0123456789ABCDEF20000000;
					};
				};
			};
			buildConfigurationList = 0123456789ABCDEF30000002 /* Build configuration list for PBXProject "kepubify-mac-app" */;
			compatibilityVersion = "Xcode 13.0";
			developmentRegion = English;
			hasScannedForEncodings = 0;
			knownRegions = (
				en,
			);
			mainGroup = 0123456789ABCDEF10000000 /* KepubifyMacApp */;
			projectDirPath = "";
			projectRoot = "";
			targets = (
				0123456789ABCDEF20000000 /* KepubifyMacApp */,
				0123456789ABCDEF20000002 /* KepubifyMacAppTests */,
			);
		};
/* End PBXProject section */

/* Begin PBXReferenceProxy section */
		0123456789ABCDEF20000001 /* KepubifyMacApp.app */ = {
			isa = PBXReferenceProxy;
			fileType = wrapper.application;
			path = KepubifyMacApp.app;
			remoteRef = 0123456789ABCDEF20000000 /* KepubifyMacApp */;
			sourceTree = BUILT_PRODUCTS_DIR;
		};
		0123456789ABCDEF20000002 /* KepubifyMacAppTests.xctest */ = {
			isa = PBXReferenceProxy;
			fileType = wrapper.cfbundle;
			path = KepubifyMacAppTests.xctest;
			remoteRef = 0123456789ABCDEF20000002 /* KepubifyMacAppTests */;
			sourceTree = BUILT_PRODUCTS_DIR;
		};
/* End PBXReferenceProxy section */

/* Begin PBXResourcesBuildPhase section */
		0123456789ABCDEF11111113 /* Resources */ = {
			isa = PBXResourcesBuildPhase;
			buildActionMask = 2147483647;
			files = (
			);
			runOnlyForDeploymentPostprocessing = 0;
		};
		0123456789ABCDEF11111115 /* Resources */ = {
			isa = PBXResourcesBuildPhase;
			buildActionMask = 2147483647;
			files = (
			);
			runOnlyForDeploymentPostprocessing = 0;
		};
/* End PBXResourcesBuildPhase section */

/* Begin PBXSourcesBuildPhase section */
		0123456789ABCDEF11111112 /* Sources */ = {
			isa = PBXSourcesBuildPhase;
			buildActionMask = 2147483647;
			files = (
				0123456789ABCDEF01234567 /* KepubifyMacApp.swift in Sources */,
				0123456789ABCDEF01234568 /* ContentView.swift in Sources */,
				0123456789ABCDEF01234569 /* KepubifyManager.swift in Sources */,
			);
			runOnlyForDeploymentPostprocessing = 0;
		};
		0123456789ABCDEF11111114 /* Sources */ = {
			isa = PBXSourcesBuildPhase;
			buildActionMask = 2147483647;
			files = (
				0123456789ABCDEF01234570 /* KepubifyMacAppTests.swift in Sources */,
				0123456789ABCDEF01234571 /* KepubifyManagerTests.swift in Sources */,
			);
			runOnlyForDeploymentPostprocessing = 0;
		};
/* End PBXSourcesBuildPhase section */

/* Begin PBXTargetDependency section */
		0123456789ABCDEF40000000 /* PBXTargetDependency */ = {
			isa = PBXTargetDependency;
			target = 0123456789ABCDEF20000000 /* KepubifyMacApp */;
			targetProxy = 0123456789ABCDEF40000001 /* PBXContainerItemProxy */;
		};
/* End PBXTargetDependency section */

/* Begin PBXContainerItemProxy section */
		0123456789ABCDEF40000001 /* PBXContainerItemProxy */ = {
			isa = PBXContainerItemProxy;
			containerPortal = 0123456789ABCDEF00000000 /* Project object */;
			proxyType = 1;
			remoteGlobalIDString = 0123456789ABCDEF20000000;
			remoteInfo = KepubifyMacApp;
		};
/* End PBXContainerItemProxy section */

/* Begin XCBuildConfiguration section */
		0123456789ABCDEF30000003 /* Debug */ = {
			isa = XCBuildConfiguration;
			buildSettings = {
				ALWAYS_SEARCH_USER_PATHS = NO;
				CLANG_ANALYZER_NONNULL = YES;
				CLANG_ANALYZER_NUMBER_OBJECT_CONVERSION = YES_AGGRESSIVE;
				CLANG_CXX_LANGUAGE_STANDARD = "gnu++17";
				CLANG_CXX_LIBRARY = "libc++";
				CLANG_ENABLE_MODULES = YES;
				CLANG_ENABLE_OBJC_ARC = YES;
				CLANG_ENABLE_OBJC_WEAK = YES;
				CLANG_WARN_BLOCK_CAPTURE_AUTORELEASING = YES;
				CLANG_WARN_BOOL_CONVERSION = YES;
				CLANG_WARN_COMMA = YES;
				CLANG_WARN_CONSTANT_CONVERSION = YES;
				CLANG_WARN_DEPRECATED_OBJC_IMPLEMENTATIONS = YES;
				CLANG_WARN_DIRECT_OBJC_ISA_USAGE = YES_ERROR;
				CLANG_WARN_DOCUMENTATION_COMMENTS = YES;
				CLANG_WARN_EMPTY_BODY = YES;
				CLANG_WARN_ENUM_CONVERSION = YES;
				CLANG_WARN_INFINITE_RECURSION = YES;
				CLANG_WARN_INT_CONVERSION = YES;
				CLANG_WARN_NON_LITERAL_NULL_CONVERSION = YES;
				CLANG_WARN_OBJC_LITERAL_CONVERSION = YES;
				CLANG_WARN_OBJC_ROOT_CLASS = YES_ERROR;
				CLANG_WARN_RANGE_LOOP_ANALYSIS = YES;
				CLANG_WARN_STRICT_PROTOTYPES = YES;
				CLANG_WARN_SUSPICIOUS_MOVE = YES;
				CLANG_WARN_UNGUARDED_AVAILABILITY = YES_AGGRESSIVE;
				CLANG_WARN_UNREACHABLE_CODE = YES;
				CLANG_WARN__DUPLICATE_METHOD = YES;
				CODE_SIGN_STYLE = Automatic;
				COPY_PHASE_STRIP = NO;
				DEBUG_INFORMATION_FORMAT = dwarf-with-dsym;
				ENABLE_STRICT_OBJC_MSGSEND = YES;
				ENABLE_TESTABILITY = YES;
				GCC_C_LANGUAGE_STANDARD = gnu11;
				GCC_NO_COMMON_BLOCKS = YES;
				GCC_OPTIMIZATION_LEVEL = 0;
				GCC_PREPROCESSOR_DEFINITIONS = (
					"DEBUG=1",
					"$(inherited)",
				);
				GCC_WARN_64_TO_32_BIT_CONVERSION = YES;
				GCC_WARN_ABOUT_RETURN_TYPE = YES_ERROR;
				GCC_WARN_UNDERFLOW = YES;
				GCC_WARN_UNINITIALIZED_AUTOS = YES_AGGRESSIVE;
				GCC_WARN_UNUSED_FUNCTION = YES;
				GCC_WARN_UNUSED_LABEL = YES;
				GCC_WARN_UNUSED_VARIABLE = YES;
				MACOSX_DEPLOYMENT_TARGET = 12.0;
				MTL_ENABLE_DEBUG_INFO = INCLUDE_SOURCE;
				MTL_FAST_MATH = YES;
				ONLY_ACTIVE_ARCH = YES;
				SDKROOT = macosx;
				SWIFT_ACTIVE_COMPILATION_CONDITIONS = DEBUG;
				SWIFT_OPTIMIZATION_LEVEL = "-Onone";
			};
			name = Debug;
		};
		0123456789ABCDEF30000004 /* Release */ = {
			isa = XCBuildConfiguration;
			buildSettings = {
				ALWAYS_SEARCH_USER_PATHS = NO;
				CLANG_ANALYZER_NONNULL = YES;
				CLANG_ANALYZER_NUMBER_OBJECT_CONVERSION = YES_AGGRESSIVE;
				CLANG_CXX_LANGUAGE_STANDARD = "gnu++17";
				CLANG_CXX_LIBRARY = "libc++";
				CLANG_ENABLE_MODULES = YES;
				CLANG_ENABLE_OBJC_ARC = YES;
				CLANG_ENABLE_OBJC_WEAK = YES;
				CLANG_WARN_BLOCK_CAPTURE_AUTORELEASING = YES;
				CLANG_WARN_BOOL_CONVERSION = YES;
				CLANG_WARN_COMMA = YES;
				CLANG_WARN_CONSTANT_CONVERSION = YES;
				CLANG_WARN_DEPRECATED_OBJC_IMPLEMENTATIONS = YES;
				CLANG_WARN_DIRECT_OBJC_ISA_USAGE = YES_ERROR;
				CLANG_WARN_DOCUMENTATION_COMMENTS = YES;
				CLANG_WARN_EMPTY_BODY = YES;
				CLANG_WARN_ENUM_CONVERSION = YES;
				CLANG_WARN_INFINITE_RECURSION = YES;
				CLANG_WARN_INT_CONVERSION = YES;
				CLANG_WARN_NON_LITERAL_NULL_CONVERSION = YES;
				CLANG_WARN_OBJC_LITERAL_CONVERSION = YES;
				CLANG_WARN_OBJC_ROOT_CLASS = YES_ERROR;
				CLANG_WARN_RANGE_LOOP_ANALYSIS = YES;
				CLANG_WARN_STRICT_PROTOTYPES = YES;
				CLANG_WARN_SUSPICIOUS_MOVE = YES;
				CLANG_WARN_UNGUARDED_AVAILABILITY = YES_AGGRESSIVE;
				CLANG_WARN_UNREACHABLE_CODE = YES;
				CLANG_WARN__DUPLICATE_METHOD = YES;
				CODE_SIGN_STYLE = Automatic;
				COPY_PHASE_STRIP = NO;
				DEBUG_INFORMATION_FORMAT = "dwarf-with-dsym";
				ENABLE_NS_ASSERTIONS = NO;
				ENABLE_STRICT_OBJC_MSGSEND = YES;
				GCC_C_LANGUAGE_STANDARD = gnu11;
				GCC_NO_COMMON_BLOCKS = YES;
				GCC_OPTIMIZATION_LEVEL = 0;
				GCC_WARN_64_TO_32_BIT_CONVERSION = YES;
				GCC_WARN_ABOUT_RETURN_TYPE = YES_ERROR;
				GCC_WARN_UNDERFLOW = YES;
				GCC_WARN_UNINITIALIZED_AUTOS = YES_AGGRESSIVE;
				GCC_WARN_UNUSED_FUNCTION = YES;
				GCC_WARN_UNUSED_LABEL = YES;
				GCC_WARN_UNUSED_VARIABLE = YES;
				MACOSX_DEPLOYMENT_TARGET = 12.0;
				MTL_FAST_MATH = YES;
				SDKROOT = macosx;
				SWIFT_COMPILATION_MODE = wholemodule;
				SWIFT_OPTIMIZATION_LEVEL = "-O";
				VALIDATE_PRODUCT = YES;
			};
			name = Release;
		};
		0123456789ABCDEF30000005 /* Debug */ = {
			isa = XCBuildConfiguration;
			buildSettings = {
				ALWAYS_SEARCH_USER_PATHS = NO;
				CLANG_ANALYZER_NONNULL = YES;
				CLANG_ANALYZER_NUMBER_OBJECT_CONVERSION = YES_AGGRESSIVE;
				CLANG_CXX_LANGUAGE_STANDARD = "gnu++17";
				CLANG_CXX_LIBRARY = "libc++";
				CLANG_ENABLE_MODULES = YES;
				CLANG_ENABLE_OBJC_ARC = YES;
				CLANG_ENABLE_OBJC_WEAK = YES;
				CLANG_WARN_BLOCK_CAPTURE_AUTORELEASING = YES;
				CLANG_WARN_BOOL_CONVERSION = YES;
				CLANG_WARN_COMMA = YES;
				CLANG_WARN_CONSTANT_CONVERSION = YES;
				CLANG_WARN_DEPRECATED_OBJC_IMPLEMENTATIONS = YES;
				CLANG_WARN_DIRECT_OBJC_ISA_USAGE = YES_ERROR;
				CLANG_WARN_DOCUMENTATION_COMMENTS = YES;
				CLANG_WARN_EMPTY_BODY = YES;
				CLANG_WARN_ENUM_CONVERSION = YES;
				CLANG_WARN_INFINITE_RECURSION = YES;
				CLANG_WARN_INT_CONVERSION = YES;
				CLANG_WARN_NON_LITERAL_NULL_CONVERSION = YES;
				CLANG_WARN_OBJC_LITERAL_CONVERSION = YES;
				CLANG_WARN_OBJC_ROOT_CLASS = YES_ERROR;
				CLANG_WARN_RANGE_LOOP_ANALYSION = YES;
				CLANG_WARN_STRICT_PROTOTYPES = YES;
				CLANG_WARN_SUSPICIOUS_MOVE = YES;
				CLANG_WARN_UNGUARDED_AVAILABILITY = YES_AGGRESSIVE;
				CLANG_WARN_UNREACHABLE_CODE = YES;
				CLANG_WARN__DUPLICATE_METHOD = YES;
				CODE_SIGN_STYLE = Automatic;
				COPY_PHASE_STRIP = NO;
				DEBUG_INFORMATION_FORMAT = dwarf-with-dsym;
				ENABLE_STRICT_OBJC_MSGSEND = YES;
				ENABLE_TESTABILITY = YES;
				GCC_C_LANGUAGE_STANDARD = gnu11;
				GCC_NO_COMMON_BLOCKS = YES;
				GCC_OPTIMIZATION_LEVEL = 0;
				GCC_PREPROCESSOR_DEFINITIONS = (
					"DEBUG=1",
					"$(inherited)",
				);
				GCC_WARN_64_TO_32_BIT_CONVERSION = YES;
				GCC_WARN_ABOUT_RETURN_TYPE = YES_ERROR;
				GCC_WARN_UNDERFLOW = YES;
				GCC_WARN_UNINITIALIZED_AUTOS = YES_AGGRESSIVE;
				GCC_WARN_UNUSED_FUNCTION = YES;
				GCC_WARN_UNUSED_LABEL = YES;
				GCC_WARN_UNUSED_VARIABLE = YES;
				MACOSX_DEPLOYMENT_TARGET = 12.0;
				MTL_ENABLE_DEBUG_INFO = INCLUDE_SOURCE;
				MTL_FAST_MATH = YES;
				ONLY_ACTIVE_ARCH = YES;
				SDKROOT = macosx;
				SWIFT_ACTIVE_COMPILATION_CONDITIONS = DEBUG;
				SWIFT_OPTIMIZATION_LEVEL = "-Onone";
				TEST_HOST = "$(BUILT_PRODUCTS_DIR)/KepubifyMacApp.app/Contents/MacOS/KepubifyMacApp";
			};
			name = Debug;
		};
		0123456789ABCDEF30000006 /* Release */ = {
			isa = XCBuildConfiguration;
			buildSettings = {
				ALWAYS_SEARCH_USER_PATHS = NO;
				CLANG_ANALYZER_NONNULL = YES;
				CLANG_ANALYZER_NUMBER_OBJECT_CONVERSION = YES_AGGRESSIVE;
				CLANG_CXX_LANGUAGE_STANDARD = "gnu++17";
				CLANG_CXX_LIBRARY = "libc++";
				CLANG_ENABLE_MODULES = YES;
				CLANG_ENABLE_OBJC_ARC = YES;
				CLANG_ENABLE_OBJC_WEAK = YES;
				CLANG_WARN_BLOCK_CAPTURE_AUTORELEASING = YES;
				CLANG_WARN_BOOL_CONVERSION = YES;
				CLANG_WARN_COMMA = YES;
				CLANG_WARN_CONSTANT_CONVERSION = YES;
				CLANG_WARN_DEPRECATED_OBJC_IMPLEMENTATIONS = YES;
				CLANG_WARN_DIRECT_OBJC_ISA_USAGE = YES_ERROR;
				CLANG_WARN_DOCUMENTATION_COMMENTS = YES;
				CLANG_WARN_EMPTY_BODY = YES;
				CLANG_WARN_ENUM_CONVERSION = YES;
				CLANG_WARN_INFINITE_RECURSION = YES;
				CLANG_WARN_INT_CONVERSION = YES;
				CLANG_WARN_NON_LITERAL_NULL_CONVUTION = YES;
				CLANG_WARN_OBJC_LITERAL_CONVERSION = YES;
				CLANG_WARN_OBJC_ROOT_CLASS = YES_ERROR;
				CLANG_WARN_RANGE_LOOP_ANALYSIS = YES;
				CLANG_WARN_STRICT_PROTOTYPES = YES;
				CLANG_WARN_SUSPICIOUS_MOVE = YES;
				CLANG_WARN_UNGUARDED_AVAILABILITY = YES_AGGRESSIVE;
				CLANG_WARN_UNREACHABLE_CODE = YES;
				CLANG_WARN__DUPLICATE_METHOD = YES;
				CODE_SIGN_STYLE = Automatic;
				COPY_PHASE_STRIP = NO;
				DEBUG_INFORMATION_FORMAT = "dwarf-with-dsym";
				ENABLE_NS_ASSERTIONS = NO;
				ENABLE_STRICT_OBJC_MSGSEND = YES;
				GCC_C_LANGUAGE_STANDARD = gnu11;
				GCC_NO_COMMON_BLOCKS = YES;
				GCC_OPTIMIZATION_LEVEL = 0;
				GCC_WARN_64_TO_32_BIT_CONVERSION = YES;
				GCC_WARN_ABOUT_RETURN_TYPE = YES_ERROR;
				GCC_WARN_UNDERFLOW = YES;
				GCC_WARN_UNINITIALIZED_AUTOS = YES_AGGRESSIVE;
				GCC_WARN_UNUSED_FUNCTION = YES;
				GCC_WARN_UNUSED_LABEL = YES;
				GCC_WARN_UNUSED_VARIABLE = YES;
				MACOSX_DEPLOYMENT_TARGET = 12.0;
				MTL_FAST_MATH = YES;
				SDKROOT = macosx;
				SWIFT_COMPILATION_MODE = wholemodule;
				SWIFT_OPTIMIZATION_LEVEL = "-O";
				TEST_HOST = "$(BUILT_PRODUCTS_DIR)/KepubifyMacApp.app/Contents/MacOS/KepubifyMacApp";
				VALIDATE_PRODUCT = YES;
			};
			name = Release;
		};
/* End XCBuildConfiguration section */

/* Begin XCConfigurationList section */
		0123456789ABCDEF30000000 /* Build configuration list for PBXNativeTarget "KepubifyMacApp" */ = {
			isa = XCConfigurationList;
			buildConfigurations = (
				0123456789ABCDEF30000003 /* Debug */,
				0123456789ABCDEF30000004 /* Release */,
			);
			defaultConfigurationIsVisible = 0;
			defaultConfigurationName = Release;
		};
		0123456789ABCDEF30000001 /* Build configuration list for PBXNativeTarget "KepubifyMacAppTests" */ = {
			isa = XCConfigurationList;
			buildConfigurations = (
				0123456789ABCDEF30000005 /* Debug */,
				0123456789ABCDEF30000006 /* Release */,
			);
			defaultConfigurationIsVisible = 0;
			defaultConfigurationName = Release;
		};
		0123456789ABCDEF30000002 /* Build configuration list for PBXProject "kepubify-mac-app" */ = {
			isa = XCConfigurationList;
			buildConfigurations = (
				0123456789ABCDEF30000003 /* Debug */,
				0123456789ABCDEF30000004 /* Release */,
			);
			defaultConfigurationIsVisible = 0;
			defaultConfigurationName = Release;
		};
/* End XCConfigurationList section */
	};
	rootObject = 0123456789ABCDEF00000000 /* Project object */;
}
